{
  "name": "library",
  "version": "1.0.0",
  "lockfileVersion": 2,
  "requires": true,
  "packages": {
    "": {
      "name": "library",
      "version": "1.0.0",
      "license": "ISC",
      "dependencies": {
        "@pustoletov/ajs": "^1.0.0"
      }
    },
    "node_modules/@pustoletov/ajs": {
      "version": "1.0.0",
      "resolved": "https://npm.pkg.github.com/download/@pustoletov/ajs/1.0.0/b933df86e9681683f8a2de7cdb3b143c287e8c56676e9b6046aef264ae484896",
      "integrity": "sha512-6m43sYBTycvJio+WCBnzUPQggHd8ylsveU84KhvYRC4OaY0iDeMvESlkWqEfvc9lZKiaH8YUYuQPcR8tLsyHjQ==",
      "license": "ISC"
    }
  },
  "dependencies": {
    "@pustoletov/ajs": {
      "version": "1.0.0",
      "resolved": "https://npm.pkg.github.com/download/@pustoletov/ajs/1.0.0/b933df86e9681683f8a2de7cdb3b143c287e8c56676e9b6046aef264ae484896",
      "integrity": "sha512-6m43sYBTycvJio+WCBnzUPQggHd8ylsveU84KhvYRC4OaY0iDeMvESlkWqEfvc9lZKiaH8YUYuQPcR8tLsyHjQ=="
    }
  }
}
